
Microsoft Visual Studio Solution File, Format Version 12.00
# Visual Studio Version 17
VisualStudioVersion = 17.11.35208.52
MinimumVisualStudioVersion = 10.0.40219.1
Project("{FAE04EC0-301F-11D3-BF4B-00C04F79EFBC}") = "ExamenHansOrtiz", "ExamenHansOrtiz.csproj", "{BFA73F5D-B144-4FA3-983C-6A3D9A1CDAB9}"
EndProject
Global
	GlobalSection(SolutionConfigurationPlatforms) = preSolution
		Debug|Any CPU = Debug|Any CPU
		Release|Any CPU = Release|Any CPU
	EndGlobalSection
	GlobalSection(ProjectConfigurationPlatforms) = postSolution
		{BFA73F5D-B144-4FA3-983C-6A3D9A1CDAB9}.Debug|Any CPU.ActiveCfg = Debug|Any CPU
		{BFA73F5D-B144-4FA3-983C-6A3D9A1CDAB9}.Debug|Any CPU.Build.0 = Debug|Any CPU
		{BFA73F5D-B144-4FA3-983C-6A3D9A1CDAB9}.Debug|Any CPU.Deploy.0 = Debug|Any CPU
		{BFA73F5D-B144-4FA3-983C-6A3D9A1CDAB9}.Release|Any CPU.ActiveCfg = Release|Any CPU
		{BFA73F5D-B144-4FA3-983C-6A3D9A1CDAB9}.Release|Any CPU.Build.0 = Release|Any CPU
		{BFA73F5D-B144-4FA3-983C-6A3D9A1CDAB9}.Release|Any CPU.Deploy.0 = Release|Any CPU
	EndGlobalSection
	GlobalSection(SolutionProperties) = preSolution
		HideSolutionNode = FALSE
	EndGlobalSection
	GlobalSection(ExtensibilityGlobals) = postSolution
		SolutionGuid = {A73F75D6-C854-4FCC-9A41-8C3F99AD34E2}
	EndGlobalSection
EndGlobal
